
Microsoft Visual Studio Solution File, Format Version 12.00
# Visual Studio Version 17
VisualStudioVersion = 17.5.002.0
MinimumVisualStudioVersion = 10.0.40219.1
Project("{2150E333-8FDC-42A3-9474-1A3956D46DE8}") = "1_seminar", "1_seminar", "{3404CBD4-9EF0-4EA4-8229-3D66BA89E007}"
EndProject
Project("{9A19103F-16F7-4668-BE54-9A1E7A4F7556}") = "Task0", "1_seminar\Task1\Task0.csproj", "{88DA5042-E98F-45DC-80E8-1F5F5ABE1D54}"
EndProject
Global
	GlobalSection(SolutionConfigurationPlatforms) = preSolution
		Debug|Any CPU = Debug|Any CPU
		Release|Any CPU = Release|Any CPU
	EndGlobalSection
	GlobalSection(ProjectConfigurationPlatforms) = postSolution
		{88DA5042-E98F-45DC-80E8-1F5F5ABE1D54}.Debug|Any CPU.ActiveCfg = Debug|Any CPU
		{88DA5042-E98F-45DC-80E8-1F5F5ABE1D54}.Debug|Any CPU.Build.0 = Debug|Any CPU
		{88DA5042-E98F-45DC-80E8-1F5F5ABE1D54}.Release|Any CPU.ActiveCfg = Release|Any CPU
		{88DA5042-E98F-45DC-80E8-1F5F5ABE1D54}.Release|Any CPU.Build.0 = Release|Any CPU
	EndGlobalSection
	GlobalSection(SolutionProperties) = preSolution
		HideSolutionNode = FALSE
	EndGlobalSection
	GlobalSection(NestedProjects) = preSolution
		{88DA5042-E98F-45DC-80E8-1F5F5ABE1D54} = {3404CBD4-9EF0-4EA4-8229-3D66BA89E007}
	EndGlobalSection
	GlobalSection(ExtensibilityGlobals) = postSolution
		SolutionGuid = {C87B96DF-C43C-4EF2-AC4E-C6267B23E383}
	EndGlobalSection
EndGlobal
