
Microsoft Visual Studio Solution File, Format Version 12.00
# Visual Studio Version 17
VisualStudioVersion = 17.5.002.0
MinimumVisualStudioVersion = 10.0.40219.1
Project("{2150E333-8FDC-42A3-9474-1A3956D46DE8}") = "1_seminar", "1_seminar", "{AEB30BEE-8F64-4561-A52E-8A57C09612A4}"
EndProject
Project("{9A19103F-16F7-4668-BE54-9A1E7A4F7556}") = "Task0", "1_seminar\Task1\Task0.csproj", "{BDB04DAA-2DBF-48D2-A0E7-56EDAB591A06}"
EndProject
Project("{9A19103F-16F7-4668-BE54-9A1E7A4F7556}") = "Task2", "1_seminar\Task2\Task2.csproj", "{BCC9ADFC-353A-407D-856D-0A614FAAE419}"
EndProject
Project("{9A19103F-16F7-4668-BE54-9A1E7A4F7556}") = "Task3", "1_seminar\Task3\Task3.csproj", "{F1DBFC50-16FD-4B70-97F9-95C7D17D2D4F}"
EndProject
Project("{2150E333-8FDC-42A3-9474-1A3956D46DE8}") = "2_lecture", "2_lecture", "{CC437A9E-0825-4F15-99BD-44D5C203A299}"
EndProject
Project("{9A19103F-16F7-4668-BE54-9A1E7A4F7556}") = "Task1", "2_lecture\Task1\Task1.csproj", "{E95843A2-5061-40FB-9BC6-7F39D2E7BC98}"
EndProject
Project("{9A19103F-16F7-4668-BE54-9A1E7A4F7556}") = "Task2", "2_lecture\Task2\Task2.csproj", "{E2D79FB0-2571-4832-8161-66820AD774BF}"
EndProject
Project("{9A19103F-16F7-4668-BE54-9A1E7A4F7556}") = "Task3", "2_lecture\Task3\Task3.csproj", "{E805FBA5-F983-453F-8063-5BB6B6B29C7B}"
EndProject
Project("{9A19103F-16F7-4668-BE54-9A1E7A4F7556}") = "Task4", "2_lecture\Task4\Task4.csproj", "{7F27A456-618B-4613-A659-19ACC555301C}"
EndProject
Project("{2150E333-8FDC-42A3-9474-1A3956D46DE8}") = "2_seminar", "2_seminar", "{B2AE3C58-1648-4B01-8A74-402B2F7177F1}"
EndProject
Project("{9A19103F-16F7-4668-BE54-9A1E7A4F7556}") = "Task1", "2_seminar\Task1\Task1.csproj", "{5CFD3A63-771D-4AD5-8E69-3D2DD3582B60}"
EndProject
Project("{9A19103F-16F7-4668-BE54-9A1E7A4F7556}") = "Task2", "2_seminar\Task2\Task2.csproj", "{50CBA9CE-2A69-4C3B-8D7B-E29274756C91}"
EndProject
Project("{9A19103F-16F7-4668-BE54-9A1E7A4F7556}") = "Task3", "2_seminar\Task3\Task3.csproj", "{056ACE3E-CBEC-48D6-9039-3902102AE613}"
EndProject
Project("{9A19103F-16F7-4668-BE54-9A1E7A4F7556}") = "Task4", "2_seminar\Task4\Task4.csproj", "{83B87755-8475-45F4-847A-101DD90A2711}"
EndProject
Project("{2150E333-8FDC-42A3-9474-1A3956D46DE8}") = "3_lecture", "3_lecture", "{BF225CE4-DEDE-4C4A-958C-11316862D929}"
EndProject
Project("{9A19103F-16F7-4668-BE54-9A1E7A4F7556}") = "HW_lecture_3", "3_lecture\HW_lecture_3\HW_lecture_3.csproj", "{FB729346-F792-40CB-A799-D1A134D2D5D9}"
EndProject
Project("{9A19103F-16F7-4668-BE54-9A1E7A4F7556}") = "Task1", "3_lecture\Task1\Task1.csproj", "{81C67335-4C7F-48EE-8204-6E001BD15642}"
EndProject
Project("{9A19103F-16F7-4668-BE54-9A1E7A4F7556}") = "Task2", "3_lecture\Task2\Task2.csproj", "{D86680F2-93DF-4179-8532-2A384F8589D8}"
EndProject
Project("{9A19103F-16F7-4668-BE54-9A1E7A4F7556}") = "Task3", "3_lecture\Task3\Task3.csproj", "{DE0C24B0-2BF6-4D08-8D9D-A6A7E3EB00D7}"
EndProject
Project("{2150E333-8FDC-42A3-9474-1A3956D46DE8}") = "3_seminar", "3_seminar", "{80165B9D-BEEE-49C2-9351-C80561EDE769}"
EndProject
Project("{9A19103F-16F7-4668-BE54-9A1E7A4F7556}") = "Task1", "3_seminar\Task1\Task1.csproj", "{C430FED2-03E7-44DF-8545-0E1DD12B1785}"
EndProject
Project("{9A19103F-16F7-4668-BE54-9A1E7A4F7556}") = "Task2", "3_seminar\Task2\Task2.csproj", "{6026B115-FDF1-404A-8C6D-DEFA04FB07EB}"
EndProject
Project("{9A19103F-16F7-4668-BE54-9A1E7A4F7556}") = "Task3", "3_seminar\Task3\Task3.csproj", "{6FA8C718-4DED-4EDE-8543-A31EC13B6C29}"
EndProject
Project("{9A19103F-16F7-4668-BE54-9A1E7A4F7556}") = "Task4", "3_seminar\Task4\Task4.csproj", "{5EF1BFEC-649F-4DCF-8B5C-435FE32D2715}"
EndProject
Project("{2150E333-8FDC-42A3-9474-1A3956D46DE8}") = "4_lecture", "4_lecture", "{3F4E7731-BD31-4AAB-9E0B-C8E322BF086A}"
EndProject
Project("{9A19103F-16F7-4668-BE54-9A1E7A4F7556}") = "HW_4_lecture", "4_lecture\HW_4_lecture\HW_4_lecture.csproj", "{0BAB4C2E-D4D9-466A-B355-6246E4184667}"
EndProject
Project("{9A19103F-16F7-4668-BE54-9A1E7A4F7556}") = "Task1", "4_lecture\Task1\Task1.csproj", "{272F1FDF-E621-445D-A458-E3B979595009}"
EndProject
Project("{9A19103F-16F7-4668-BE54-9A1E7A4F7556}") = "Task2", "4_lecture\Task2\Task2.csproj", "{2D69068A-C132-45EA-A315-7757BC5534D8}"
EndProject
Project("{9A19103F-16F7-4668-BE54-9A1E7A4F7556}") = "Task3", "4_lecture\Task3\Task3.csproj", "{5668F4EF-E3CF-4975-AB0C-DD19D1578D27}"
EndProject
Project("{2150E333-8FDC-42A3-9474-1A3956D46DE8}") = "4_seminar", "4_seminar", "{279E2C71-7335-4C71-8809-1F30C9D6BD13}"
EndProject
Project("{9A19103F-16F7-4668-BE54-9A1E7A4F7556}") = "Task1", "4_seminar\Task1\Task1.csproj", "{79EAA633-55BE-4BE9-9923-6B7CF75A9A6C}"
EndProject
Project("{9A19103F-16F7-4668-BE54-9A1E7A4F7556}") = "Task2", "4_seminar\Task2\Task2.csproj", "{08C3B84B-B141-478B-9342-1C1198825886}"
EndProject
Project("{9A19103F-16F7-4668-BE54-9A1E7A4F7556}") = "Task3", "4_seminar\Task3\Task3.csproj", "{EE333675-C039-45B9-942C-EBDC1A96DE69}"
EndProject
Project("{2150E333-8FDC-42A3-9474-1A3956D46DE8}") = "5_lecture", "5_lecture", "{2A2F3438-858F-43D3-898F-ECE8F6B5C9C2}"
EndProject
Project("{9A19103F-16F7-4668-BE54-9A1E7A4F7556}") = "Task1", "5_lecture\Task1\Task1.csproj", "{9FB828E1-1CBC-45AA-BCCC-16AA26154253}"
EndProject
Project("{2150E333-8FDC-42A3-9474-1A3956D46DE8}") = "5_seminar", "5_seminar", "{CD6785F4-FCB5-4846-BD80-C372C4F5735B}"
EndProject
Project("{9A19103F-16F7-4668-BE54-9A1E7A4F7556}") = "Task1", "5_seminar\Task1\Task1.csproj", "{4D40D175-CC4A-4372-B8C4-197EC99B55F5}"
EndProject
Project("{9A19103F-16F7-4668-BE54-9A1E7A4F7556}") = "Task2", "5_seminar\Task2\Task2.csproj", "{14DC661A-8028-4AA8-977E-A251E8D4306C}"
EndProject
Project("{9A19103F-16F7-4668-BE54-9A1E7A4F7556}") = "Task3", "5_seminar\Task3\Task3.csproj", "{F501880A-40A7-424D-ADF8-7D73F22BC1D4}"
EndProject
Project("{2150E333-8FDC-42A3-9474-1A3956D46DE8}") = "6_seminar", "6_seminar", "{856B2005-4D9A-4024-9C16-7D147083AAFE}"
EndProject
Project("{9A19103F-16F7-4668-BE54-9A1E7A4F7556}") = "Task1", "6_seminar\Task1\Task1.csproj", "{003FCF22-D7FD-465E-88F8-0D3EDC6B9004}"
EndProject
Project("{9A19103F-16F7-4668-BE54-9A1E7A4F7556}") = "Task2", "6_seminar\Task2\Task2.csproj", "{51D2EFC1-1D58-46BE-BB55-5B46C2C966D4}"
EndProject
Project("{9A19103F-16F7-4668-BE54-9A1E7A4F7556}") = "Task3", "6_seminar\Task3\Task3.csproj", "{3791E988-33A2-40F1-A84E-5973FC3D4249}"
EndProject
Project("{2150E333-8FDC-42A3-9474-1A3956D46DE8}") = "HW_1_seminar", "HW_1_seminar", "{D52A3E81-9997-4AD7-95A7-1AE5D3D51899}"
EndProject
Project("{9A19103F-16F7-4668-BE54-9A1E7A4F7556}") = "Task1", "HW_1_seminar\Task1\Task1.csproj", "{EEF0176E-C20D-41B6-A57A-B42CAA0509E6}"
EndProject
Project("{9A19103F-16F7-4668-BE54-9A1E7A4F7556}") = "Task2", "HW_1_seminar\Task2\Task2.csproj", "{B13482C1-A5D6-4191-8E7B-E8C8A6C7D9A4}"
EndProject
Project("{9A19103F-16F7-4668-BE54-9A1E7A4F7556}") = "Task3", "HW_1_seminar\Task3\Task3.csproj", "{00A8406F-834A-4637-A011-835BF668DF42}"
EndProject
Project("{9A19103F-16F7-4668-BE54-9A1E7A4F7556}") = "Task4", "HW_1_seminar\Task4\Task4.csproj", "{5E373A9D-0A3C-4D46-9C80-D2368F8B7706}"
EndProject
Project("{2150E333-8FDC-42A3-9474-1A3956D46DE8}") = "HW_2_seminar", "HW_2_seminar", "{10E52CAF-E135-4E2B-A65F-8031D13B851D}"
EndProject
Project("{9A19103F-16F7-4668-BE54-9A1E7A4F7556}") = "Task1", "HW_2_seminar\Task1\Task1.csproj", "{F802B22B-B622-42C3-889B-E3B5A7A4AF4D}"
EndProject
Project("{9A19103F-16F7-4668-BE54-9A1E7A4F7556}") = "Task2", "HW_2_seminar\Task2\Task2.csproj", "{A5F9717A-8DD8-460B-BCB8-A4CABCF316FA}"
EndProject
Project("{9A19103F-16F7-4668-BE54-9A1E7A4F7556}") = "Task3", "HW_2_seminar\Task3\Task3.csproj", "{9FFDA254-A02F-4877-B2D6-B9B7261F9B49}"
EndProject
Project("{9A19103F-16F7-4668-BE54-9A1E7A4F7556}") = "Task4", "HW_2_seminar\Task4\Task4.csproj", "{F716E89D-7026-4A5E-AD3A-5E6D1454C371}"
EndProject
Project("{2150E333-8FDC-42A3-9474-1A3956D46DE8}") = "HW_3_seminar", "HW_3_seminar", "{2EC946B0-53A4-43CE-AEB0-65B8F6D566BC}"
EndProject
Project("{9A19103F-16F7-4668-BE54-9A1E7A4F7556}") = "Task1", "HW_3_seminar\Task1\Task1.csproj", "{22DB6D3F-E271-46BB-A8E4-7EDD843807AC}"
EndProject
Project("{9A19103F-16F7-4668-BE54-9A1E7A4F7556}") = "Task2", "HW_3_seminar\Task2\Task2.csproj", "{A45B757F-D264-4A26-831F-3732D80F5191}"
EndProject
Project("{9A19103F-16F7-4668-BE54-9A1E7A4F7556}") = "Task3", "HW_3_seminar\Task3\Task3.csproj", "{C47A5E3A-F948-4B14-85A3-FD416FBF47EA}"
EndProject
Project("{9A19103F-16F7-4668-BE54-9A1E7A4F7556}") = "Task4", "HW_3_seminar\Task4\Task4.csproj", "{DBB8D17F-CC27-4D49-9FEF-466D15B3AAAC}"
EndProject
Project("{2150E333-8FDC-42A3-9474-1A3956D46DE8}") = "HW_4_seminar", "HW_4_seminar", "{E51573D0-FEDA-4385-BF51-44BDCD4D4194}"
EndProject
Project("{9A19103F-16F7-4668-BE54-9A1E7A4F7556}") = "Task1", "HW_4_seminar\Task1\Task1.csproj", "{868ADA2C-D682-497A-B33F-ED2F1BF5E3FC}"
EndProject
Project("{9A19103F-16F7-4668-BE54-9A1E7A4F7556}") = "Task2", "HW_4_seminar\Task2\Task2.csproj", "{EAA88E8A-FB3C-4214-89C6-51A7FAF50D1C}"
EndProject
Project("{9A19103F-16F7-4668-BE54-9A1E7A4F7556}") = "Task3", "HW_4_seminar\Task3\Task3.csproj", "{61E4FB43-C09F-4BF1-A8A8-4C83ADAB46AB}"
EndProject
Project("{2150E333-8FDC-42A3-9474-1A3956D46DE8}") = "HW_5_seminar", "HW_5_seminar", "{02854BB7-4D20-42EF-ABC7-3C1FC7441893}"
EndProject
Project("{9A19103F-16F7-4668-BE54-9A1E7A4F7556}") = "Task1", "HW_5_seminar\Task1\Task1.csproj", "{91377F9D-ADF8-4F89-86B0-A3E4EBF03206}"
EndProject
Project("{9A19103F-16F7-4668-BE54-9A1E7A4F7556}") = "Task2", "HW_5_seminar\Task2\Task2.csproj", "{827F3B8F-FF01-46E4-8B59-23E674E939E6}"
EndProject
Project("{9A19103F-16F7-4668-BE54-9A1E7A4F7556}") = "Task3", "HW_5_seminar\Task3\Task3.csproj", "{8D3FEC51-D018-4C60-A008-77449676BF48}"
EndProject
Project("{2150E333-8FDC-42A3-9474-1A3956D46DE8}") = "HW_6_seminar", "HW_6_seminar", "{E9ED59C5-226A-4B13-B8AF-A01624C34775}"
EndProject
Project("{9A19103F-16F7-4668-BE54-9A1E7A4F7556}") = "Task1", "HW_6_seminar\Task1\Task1.csproj", "{2059305E-A685-4DC6-BB08-A556B00DD614}"
EndProject
Project("{9A19103F-16F7-4668-BE54-9A1E7A4F7556}") = "Task2", "HW_6_seminar\Task2\Task2.csproj", "{E2406844-51F7-4B43-9F76-096C337E1F84}"
EndProject
Project("{9A19103F-16F7-4668-BE54-9A1E7A4F7556}") = "Task3", "HW_6_seminar\Task3\Task3.csproj", "{BA3C5452-56A8-4007-91C4-CF2C635AB247}"
EndProject
Project("{9A19103F-16F7-4668-BE54-9A1E7A4F7556}") = "Task4", "HW_6_seminar\Task4\Task4.csproj", "{DB670A57-CE49-44C0-A124-249C41B7E791}"
EndProject
Global
	GlobalSection(SolutionConfigurationPlatforms) = preSolution
		Debug|Any CPU = Debug|Any CPU
		Release|Any CPU = Release|Any CPU
	EndGlobalSection
	GlobalSection(ProjectConfigurationPlatforms) = postSolution
		{BDB04DAA-2DBF-48D2-A0E7-56EDAB591A06}.Debug|Any CPU.ActiveCfg = Debug|Any CPU
		{BDB04DAA-2DBF-48D2-A0E7-56EDAB591A06}.Debug|Any CPU.Build.0 = Debug|Any CPU
		{BDB04DAA-2DBF-48D2-A0E7-56EDAB591A06}.Release|Any CPU.ActiveCfg = Release|Any CPU
		{BDB04DAA-2DBF-48D2-A0E7-56EDAB591A06}.Release|Any CPU.Build.0 = Release|Any CPU
		{BCC9ADFC-353A-407D-856D-0A614FAAE419}.Debug|Any CPU.ActiveCfg = Debug|Any CPU
		{BCC9ADFC-353A-407D-856D-0A614FAAE419}.Debug|Any CPU.Build.0 = Debug|Any CPU
		{BCC9ADFC-353A-407D-856D-0A614FAAE419}.Release|Any CPU.ActiveCfg = Release|Any CPU
		{BCC9ADFC-353A-407D-856D-0A614FAAE419}.Release|Any CPU.Build.0 = Release|Any CPU
		{F1DBFC50-16FD-4B70-97F9-95C7D17D2D4F}.Debug|Any CPU.ActiveCfg = Debug|Any CPU
		{F1DBFC50-16FD-4B70-97F9-95C7D17D2D4F}.Debug|Any CPU.Build.0 = Debug|Any CPU
		{F1DBFC50-16FD-4B70-97F9-95C7D17D2D4F}.Release|Any CPU.ActiveCfg = Release|Any CPU
		{F1DBFC50-16FD-4B70-97F9-95C7D17D2D4F}.Release|Any CPU.Build.0 = Release|Any CPU
		{E95843A2-5061-40FB-9BC6-7F39D2E7BC98}.Debug|Any CPU.ActiveCfg = Debug|Any CPU
		{E95843A2-5061-40FB-9BC6-7F39D2E7BC98}.Debug|Any CPU.Build.0 = Debug|Any CPU
		{E95843A2-5061-40FB-9BC6-7F39D2E7BC98}.Release|Any CPU.ActiveCfg = Release|Any CPU
		{E95843A2-5061-40FB-9BC6-7F39D2E7BC98}.Release|Any CPU.Build.0 = Release|Any CPU
		{E2D79FB0-2571-4832-8161-66820AD774BF}.Debug|Any CPU.ActiveCfg = Debug|Any CPU
		{E2D79FB0-2571-4832-8161-66820AD774BF}.Debug|Any CPU.Build.0 = Debug|Any CPU
		{E2D79FB0-2571-4832-8161-66820AD774BF}.Release|Any CPU.ActiveCfg = Release|Any CPU
		{E2D79FB0-2571-4832-8161-66820AD774BF}.Release|Any CPU.Build.0 = Release|Any CPU
		{E805FBA5-F983-453F-8063-5BB6B6B29C7B}.Debug|Any CPU.ActiveCfg = Debug|Any CPU
		{E805FBA5-F983-453F-8063-5BB6B6B29C7B}.Debug|Any CPU.Build.0 = Debug|Any CPU
		{E805FBA5-F983-453F-8063-5BB6B6B29C7B}.Release|Any CPU.ActiveCfg = Release|Any CPU
		{E805FBA5-F983-453F-8063-5BB6B6B29C7B}.Release|Any CPU.Build.0 = Release|Any CPU
		{7F27A456-618B-4613-A659-19ACC555301C}.Debug|Any CPU.ActiveCfg = Debug|Any CPU
		{7F27A456-618B-4613-A659-19ACC555301C}.Debug|Any CPU.Build.0 = Debug|Any CPU
		{7F27A456-618B-4613-A659-19ACC555301C}.Release|Any CPU.ActiveCfg = Release|Any CPU
		{7F27A456-618B-4613-A659-19ACC555301C}.Release|Any CPU.Build.0 = Release|Any CPU
		{5CFD3A63-771D-4AD5-8E69-3D2DD3582B60}.Debug|Any CPU.ActiveCfg = Debug|Any CPU
		{5CFD3A63-771D-4AD5-8E69-3D2DD3582B60}.Debug|Any CPU.Build.0 = Debug|Any CPU
		{5CFD3A63-771D-4AD5-8E69-3D2DD3582B60}.Release|Any CPU.ActiveCfg = Release|Any CPU
		{5CFD3A63-771D-4AD5-8E69-3D2DD3582B60}.Release|Any CPU.Build.0 = Release|Any CPU
		{50CBA9CE-2A69-4C3B-8D7B-E29274756C91}.Debug|Any CPU.ActiveCfg = Debug|Any CPU
		{50CBA9CE-2A69-4C3B-8D7B-E29274756C91}.Debug|Any CPU.Build.0 = Debug|Any CPU
		{50CBA9CE-2A69-4C3B-8D7B-E29274756C91}.Release|Any CPU.ActiveCfg = Release|Any CPU
		{50CBA9CE-2A69-4C3B-8D7B-E29274756C91}.Release|Any CPU.Build.0 = Release|Any CPU
		{056ACE3E-CBEC-48D6-9039-3902102AE613}.Debug|Any CPU.ActiveCfg = Debug|Any CPU
		{056ACE3E-CBEC-48D6-9039-3902102AE613}.Debug|Any CPU.Build.0 = Debug|Any CPU
		{056ACE3E-CBEC-48D6-9039-3902102AE613}.Release|Any CPU.ActiveCfg = Release|Any CPU
		{056ACE3E-CBEC-48D6-9039-3902102AE613}.Release|Any CPU.Build.0 = Release|Any CPU
		{83B87755-8475-45F4-847A-101DD90A2711}.Debug|Any CPU.ActiveCfg = Debug|Any CPU
		{83B87755-8475-45F4-847A-101DD90A2711}.Debug|Any CPU.Build.0 = Debug|Any CPU
		{83B87755-8475-45F4-847A-101DD90A2711}.Release|Any CPU.ActiveCfg = Release|Any CPU
		{83B87755-8475-45F4-847A-101DD90A2711}.Release|Any CPU.Build.0 = Release|Any CPU
		{FB729346-F792-40CB-A799-D1A134D2D5D9}.Debug|Any CPU.ActiveCfg = Debug|Any CPU
		{FB729346-F792-40CB-A799-D1A134D2D5D9}.Debug|Any CPU.Build.0 = Debug|Any CPU
		{FB729346-F792-40CB-A799-D1A134D2D5D9}.Release|Any CPU.ActiveCfg = Release|Any CPU
		{FB729346-F792-40CB-A799-D1A134D2D5D9}.Release|Any CPU.Build.0 = Release|Any CPU
		{81C67335-4C7F-48EE-8204-6E001BD15642}.Debug|Any CPU.ActiveCfg = Debug|Any CPU
		{81C67335-4C7F-48EE-8204-6E001BD15642}.Debug|Any CPU.Build.0 = Debug|Any CPU
		{81C67335-4C7F-48EE-8204-6E001BD15642}.Release|Any CPU.ActiveCfg = Release|Any CPU
		{81C67335-4C7F-48EE-8204-6E001BD15642}.Release|Any CPU.Build.0 = Release|Any CPU
		{D86680F2-93DF-4179-8532-2A384F8589D8}.Debug|Any CPU.ActiveCfg = Debug|Any CPU
		{D86680F2-93DF-4179-8532-2A384F8589D8}.Debug|Any CPU.Build.0 = Debug|Any CPU
		{D86680F2-93DF-4179-8532-2A384F8589D8}.Release|Any CPU.ActiveCfg = Release|Any CPU
		{D86680F2-93DF-4179-8532-2A384F8589D8}.Release|Any CPU.Build.0 = Release|Any CPU
		{DE0C24B0-2BF6-4D08-8D9D-A6A7E3EB00D7}.Debug|Any CPU.ActiveCfg = Debug|Any CPU
		{DE0C24B0-2BF6-4D08-8D9D-A6A7E3EB00D7}.Debug|Any CPU.Build.0 = Debug|Any CPU
		{DE0C24B0-2BF6-4D08-8D9D-A6A7E3EB00D7}.Release|Any CPU.ActiveCfg = Release|Any CPU
		{DE0C24B0-2BF6-4D08-8D9D-A6A7E3EB00D7}.Release|Any CPU.Build.0 = Release|Any CPU
		{C430FED2-03E7-44DF-8545-0E1DD12B1785}.Debug|Any CPU.ActiveCfg = Debug|Any CPU
		{C430FED2-03E7-44DF-8545-0E1DD12B1785}.Debug|Any CPU.Build.0 = Debug|Any CPU
		{C430FED2-03E7-44DF-8545-0E1DD12B1785}.Release|Any CPU.ActiveCfg = Release|Any CPU
		{C430FED2-03E7-44DF-8545-0E1DD12B1785}.Release|Any CPU.Build.0 = Release|Any CPU
		{6026B115-FDF1-404A-8C6D-DEFA04FB07EB}.Debug|Any CPU.ActiveCfg = Debug|Any CPU
		{6026B115-FDF1-404A-8C6D-DEFA04FB07EB}.Debug|Any CPU.Build.0 = Debug|Any CPU
		{6026B115-FDF1-404A-8C6D-DEFA04FB07EB}.Release|Any CPU.ActiveCfg = Release|Any CPU
		{6026B115-FDF1-404A-8C6D-DEFA04FB07EB}.Release|Any CPU.Build.0 = Release|Any CPU
		{6FA8C718-4DED-4EDE-8543-A31EC13B6C29}.Debug|Any CPU.ActiveCfg = Debug|Any CPU
		{6FA8C718-4DED-4EDE-8543-A31EC13B6C29}.Debug|Any CPU.Build.0 = Debug|Any CPU
		{6FA8C718-4DED-4EDE-8543-A31EC13B6C29}.Release|Any CPU.ActiveCfg = Release|Any CPU
		{6FA8C718-4DED-4EDE-8543-A31EC13B6C29}.Release|Any CPU.Build.0 = Release|Any CPU
		{5EF1BFEC-649F-4DCF-8B5C-435FE32D2715}.Debug|Any CPU.ActiveCfg = Debug|Any CPU
		{5EF1BFEC-649F-4DCF-8B5C-435FE32D2715}.Debug|Any CPU.Build.0 = Debug|Any CPU
		{5EF1BFEC-649F-4DCF-8B5C-435FE32D2715}.Release|Any CPU.ActiveCfg = Release|Any CPU
		{5EF1BFEC-649F-4DCF-8B5C-435FE32D2715}.Release|Any CPU.Build.0 = Release|Any CPU
		{0BAB4C2E-D4D9-466A-B355-6246E4184667}.Debug|Any CPU.ActiveCfg = Debug|Any CPU
		{0BAB4C2E-D4D9-466A-B355-6246E4184667}.Debug|Any CPU.Build.0 = Debug|Any CPU
		{0BAB4C2E-D4D9-466A-B355-6246E4184667}.Release|Any CPU.ActiveCfg = Release|Any CPU
		{0BAB4C2E-D4D9-466A-B355-6246E4184667}.Release|Any CPU.Build.0 = Release|Any CPU
		{272F1FDF-E621-445D-A458-E3B979595009}.Debug|Any CPU.ActiveCfg = Debug|Any CPU
		{272F1FDF-E621-445D-A458-E3B979595009}.Debug|Any CPU.Build.0 = Debug|Any CPU
		{272F1FDF-E621-445D-A458-E3B979595009}.Release|Any CPU.ActiveCfg = Release|Any CPU
		{272F1FDF-E621-445D-A458-E3B979595009}.Release|Any CPU.Build.0 = Release|Any CPU
		{2D69068A-C132-45EA-A315-7757BC5534D8}.Debug|Any CPU.ActiveCfg = Debug|Any CPU
		{2D69068A-C132-45EA-A315-7757BC5534D8}.Debug|Any CPU.Build.0 = Debug|Any CPU
		{2D69068A-C132-45EA-A315-7757BC5534D8}.Release|Any CPU.ActiveCfg = Release|Any CPU
		{2D69068A-C132-45EA-A315-7757BC5534D8}.Release|Any CPU.Build.0 = Release|Any CPU
		{5668F4EF-E3CF-4975-AB0C-DD19D1578D27}.Debug|Any CPU.ActiveCfg = Debug|Any CPU
		{5668F4EF-E3CF-4975-AB0C-DD19D1578D27}.Debug|Any CPU.Build.0 = Debug|Any CPU
		{5668F4EF-E3CF-4975-AB0C-DD19D1578D27}.Release|Any CPU.ActiveCfg = Release|Any CPU
		{5668F4EF-E3CF-4975-AB0C-DD19D1578D27}.Release|Any CPU.Build.0 = Release|Any CPU
		{79EAA633-55BE-4BE9-9923-6B7CF75A9A6C}.Debug|Any CPU.ActiveCfg = Debug|Any CPU
		{79EAA633-55BE-4BE9-9923-6B7CF75A9A6C}.Debug|Any CPU.Build.0 = Debug|Any CPU
		{79EAA633-55BE-4BE9-9923-6B7CF75A9A6C}.Release|Any CPU.ActiveCfg = Release|Any CPU
		{79EAA633-55BE-4BE9-9923-6B7CF75A9A6C}.Release|Any CPU.Build.0 = Release|Any CPU
		{08C3B84B-B141-478B-9342-1C1198825886}.Debug|Any CPU.ActiveCfg = Debug|Any CPU
		{08C3B84B-B141-478B-9342-1C1198825886}.Debug|Any CPU.Build.0 = Debug|Any CPU
		{08C3B84B-B141-478B-9342-1C1198825886}.Release|Any CPU.ActiveCfg = Release|Any CPU
		{08C3B84B-B141-478B-9342-1C1198825886}.Release|Any CPU.Build.0 = Release|Any CPU
		{EE333675-C039-45B9-942C-EBDC1A96DE69}.Debug|Any CPU.ActiveCfg = Debug|Any CPU
		{EE333675-C039-45B9-942C-EBDC1A96DE69}.Debug|Any CPU.Build.0 = Debug|Any CPU
		{EE333675-C039-45B9-942C-EBDC1A96DE69}.Release|Any CPU.ActiveCfg = Release|Any CPU
		{EE333675-C039-45B9-942C-EBDC1A96DE69}.Release|Any CPU.Build.0 = Release|Any CPU
		{9FB828E1-1CBC-45AA-BCCC-16AA26154253}.Debug|Any CPU.ActiveCfg = Debug|Any CPU
		{9FB828E1-1CBC-45AA-BCCC-16AA26154253}.Debug|Any CPU.Build.0 = Debug|Any CPU
		{9FB828E1-1CBC-45AA-BCCC-16AA26154253}.Release|Any CPU.ActiveCfg = Release|Any CPU
		{9FB828E1-1CBC-45AA-BCCC-16AA26154253}.Release|Any CPU.Build.0 = Release|Any CPU
		{4D40D175-CC4A-4372-B8C4-197EC99B55F5}.Debug|Any CPU.ActiveCfg = Debug|Any CPU
		{4D40D175-CC4A-4372-B8C4-197EC99B55F5}.Debug|Any CPU.Build.0 = Debug|Any CPU
		{4D40D175-CC4A-4372-B8C4-197EC99B55F5}.Release|Any CPU.ActiveCfg = Release|Any CPU
		{4D40D175-CC4A-4372-B8C4-197EC99B55F5}.Release|Any CPU.Build.0 = Release|Any CPU
		{14DC661A-8028-4AA8-977E-A251E8D4306C}.Debug|Any CPU.ActiveCfg = Debug|Any CPU
		{14DC661A-8028-4AA8-977E-A251E8D4306C}.Debug|Any CPU.Build.0 = Debug|Any CPU
		{14DC661A-8028-4AA8-977E-A251E8D4306C}.Release|Any CPU.ActiveCfg = Release|Any CPU
		{14DC661A-8028-4AA8-977E-A251E8D4306C}.Release|Any CPU.Build.0 = Release|Any CPU
		{F501880A-40A7-424D-ADF8-7D73F22BC1D4}.Debug|Any CPU.ActiveCfg = Debug|Any CPU
		{F501880A-40A7-424D-ADF8-7D73F22BC1D4}.Debug|Any CPU.Build.0 = Debug|Any CPU
		{F501880A-40A7-424D-ADF8-7D73F22BC1D4}.Release|Any CPU.ActiveCfg = Release|Any CPU
		{F501880A-40A7-424D-ADF8-7D73F22BC1D4}.Release|Any CPU.Build.0 = Release|Any CPU
		{003FCF22-D7FD-465E-88F8-0D3EDC6B9004}.Debug|Any CPU.ActiveCfg = Debug|Any CPU
		{003FCF22-D7FD-465E-88F8-0D3EDC6B9004}.Debug|Any CPU.Build.0 = Debug|Any CPU
		{003FCF22-D7FD-465E-88F8-0D3EDC6B9004}.Release|Any CPU.ActiveCfg = Release|Any CPU
		{003FCF22-D7FD-465E-88F8-0D3EDC6B9004}.Release|Any CPU.Build.0 = Release|Any CPU
		{51D2EFC1-1D58-46BE-BB55-5B46C2C966D4}.Debug|Any CPU.ActiveCfg = Debug|Any CPU
		{51D2EFC1-1D58-46BE-BB55-5B46C2C966D4}.Debug|Any CPU.Build.0 = Debug|Any CPU
		{51D2EFC1-1D58-46BE-BB55-5B46C2C966D4}.Release|Any CPU.ActiveCfg = Release|Any CPU
		{51D2EFC1-1D58-46BE-BB55-5B46C2C966D4}.Release|Any CPU.Build.0 = Release|Any CPU
		{3791E988-33A2-40F1-A84E-5973FC3D4249}.Debug|Any CPU.ActiveCfg = Debug|Any CPU
		{3791E988-33A2-40F1-A84E-5973FC3D4249}.Debug|Any CPU.Build.0 = Debug|Any CPU
		{3791E988-33A2-40F1-A84E-5973FC3D4249}.Release|Any CPU.ActiveCfg = Release|Any CPU
		{3791E988-33A2-40F1-A84E-5973FC3D4249}.Release|Any CPU.Build.0 = Release|Any CPU
		{EEF0176E-C20D-41B6-A57A-B42CAA0509E6}.Debug|Any CPU.ActiveCfg = Debug|Any CPU
		{EEF0176E-C20D-41B6-A57A-B42CAA0509E6}.Debug|Any CPU.Build.0 = Debug|Any CPU
		{EEF0176E-C20D-41B6-A57A-B42CAA0509E6}.Release|Any CPU.ActiveCfg = Release|Any CPU
		{EEF0176E-C20D-41B6-A57A-B42CAA0509E6}.Release|Any CPU.Build.0 = Release|Any CPU
		{B13482C1-A5D6-4191-8E7B-E8C8A6C7D9A4}.Debug|Any CPU.ActiveCfg = Debug|Any CPU
		{B13482C1-A5D6-4191-8E7B-E8C8A6C7D9A4}.Debug|Any CPU.Build.0 = Debug|Any CPU
		{B13482C1-A5D6-4191-8E7B-E8C8A6C7D9A4}.Release|Any CPU.ActiveCfg = Release|Any CPU
		{B13482C1-A5D6-4191-8E7B-E8C8A6C7D9A4}.Release|Any CPU.Build.0 = Release|Any CPU
		{00A8406F-834A-4637-A011-835BF668DF42}.Debug|Any CPU.ActiveCfg = Debug|Any CPU
		{00A8406F-834A-4637-A011-835BF668DF42}.Debug|Any CPU.Build.0 = Debug|Any CPU
		{00A8406F-834A-4637-A011-835BF668DF42}.Release|Any CPU.ActiveCfg = Release|Any CPU
		{00A8406F-834A-4637-A011-835BF668DF42}.Release|Any CPU.Build.0 = Release|Any CPU
		{5E373A9D-0A3C-4D46-9C80-D2368F8B7706}.Debug|Any CPU.ActiveCfg = Debug|Any CPU
		{5E373A9D-0A3C-4D46-9C80-D2368F8B7706}.Debug|Any CPU.Build.0 = Debug|Any CPU
		{5E373A9D-0A3C-4D46-9C80-D2368F8B7706}.Release|Any CPU.ActiveCfg = Release|Any CPU
		{5E373A9D-0A3C-4D46-9C80-D2368F8B7706}.Release|Any CPU.Build.0 = Release|Any CPU
		{F802B22B-B622-42C3-889B-E3B5A7A4AF4D}.Debug|Any CPU.ActiveCfg = Debug|Any CPU
		{F802B22B-B622-42C3-889B-E3B5A7A4AF4D}.Debug|Any CPU.Build.0 = Debug|Any CPU
		{F802B22B-B622-42C3-889B-E3B5A7A4AF4D}.Release|Any CPU.ActiveCfg = Release|Any CPU
		{F802B22B-B622-42C3-889B-E3B5A7A4AF4D}.Release|Any CPU.Build.0 = Release|Any CPU
		{A5F9717A-8DD8-460B-BCB8-A4CABCF316FA}.Debug|Any CPU.ActiveCfg = Debug|Any CPU
		{A5F9717A-8DD8-460B-BCB8-A4CABCF316FA}.Debug|Any CPU.Build.0 = Debug|Any CPU
		{A5F9717A-8DD8-460B-BCB8-A4CABCF316FA}.Release|Any CPU.ActiveCfg = Release|Any CPU
		{A5F9717A-8DD8-460B-BCB8-A4CABCF316FA}.Release|Any CPU.Build.0 = Release|Any CPU
		{9FFDA254-A02F-4877-B2D6-B9B7261F9B49}.Debug|Any CPU.ActiveCfg = Debug|Any CPU
		{9FFDA254-A02F-4877-B2D6-B9B7261F9B49}.Debug|Any CPU.Build.0 = Debug|Any CPU
		{9FFDA254-A02F-4877-B2D6-B9B7261F9B49}.Release|Any CPU.ActiveCfg = Release|Any CPU
		{9FFDA254-A02F-4877-B2D6-B9B7261F9B49}.Release|Any CPU.Build.0 = Release|Any CPU
		{F716E89D-7026-4A5E-AD3A-5E6D1454C371}.Debug|Any CPU.ActiveCfg = Debug|Any CPU
		{F716E89D-7026-4A5E-AD3A-5E6D1454C371}.Debug|Any CPU.Build.0 = Debug|Any CPU
		{F716E89D-7026-4A5E-AD3A-5E6D1454C371}.Release|Any CPU.ActiveCfg = Release|Any CPU
		{F716E89D-7026-4A5E-AD3A-5E6D1454C371}.Release|Any CPU.Build.0 = Release|Any CPU
		{22DB6D3F-E271-46BB-A8E4-7EDD843807AC}.Debug|Any CPU.ActiveCfg = Debug|Any CPU
		{22DB6D3F-E271-46BB-A8E4-7EDD843807AC}.Debug|Any CPU.Build.0 = Debug|Any CPU
		{22DB6D3F-E271-46BB-A8E4-7EDD843807AC}.Release|Any CPU.ActiveCfg = Release|Any CPU
		{22DB6D3F-E271-46BB-A8E4-7EDD843807AC}.Release|Any CPU.Build.0 = Release|Any CPU
		{A45B757F-D264-4A26-831F-3732D80F5191}.Debug|Any CPU.ActiveCfg = Debug|Any CPU
		{A45B757F-D264-4A26-831F-3732D80F5191}.Debug|Any CPU.Build.0 = Debug|Any CPU
		{A45B757F-D264-4A26-831F-3732D80F5191}.Release|Any CPU.ActiveCfg = Release|Any CPU
		{A45B757F-D264-4A26-831F-3732D80F5191}.Release|Any CPU.Build.0 = Release|Any CPU
		{C47A5E3A-F948-4B14-85A3-FD416FBF47EA}.Debug|Any CPU.ActiveCfg = Debug|Any CPU
		{C47A5E3A-F948-4B14-85A3-FD416FBF47EA}.Debug|Any CPU.Build.0 = Debug|Any CPU
		{C47A5E3A-F948-4B14-85A3-FD416FBF47EA}.Release|Any CPU.ActiveCfg = Release|Any CPU
		{C47A5E3A-F948-4B14-85A3-FD416FBF47EA}.Release|Any CPU.Build.0 = Release|Any CPU
		{DBB8D17F-CC27-4D49-9FEF-466D15B3AAAC}.Debug|Any CPU.ActiveCfg = Debug|Any CPU
		{DBB8D17F-CC27-4D49-9FEF-466D15B3AAAC}.Debug|Any CPU.Build.0 = Debug|Any CPU
		{DBB8D17F-CC27-4D49-9FEF-466D15B3AAAC}.Release|Any CPU.ActiveCfg = Release|Any CPU
		{DBB8D17F-CC27-4D49-9FEF-466D15B3AAAC}.Release|Any CPU.Build.0 = Release|Any CPU
		{868ADA2C-D682-497A-B33F-ED2F1BF5E3FC}.Debug|Any CPU.ActiveCfg = Debug|Any CPU
		{868ADA2C-D682-497A-B33F-ED2F1BF5E3FC}.Debug|Any CPU.Build.0 = Debug|Any CPU
		{868ADA2C-D682-497A-B33F-ED2F1BF5E3FC}.Release|Any CPU.ActiveCfg = Release|Any CPU
		{868ADA2C-D682-497A-B33F-ED2F1BF5E3FC}.Release|Any CPU.Build.0 = Release|Any CPU
		{EAA88E8A-FB3C-4214-89C6-51A7FAF50D1C}.Debug|Any CPU.ActiveCfg = Debug|Any CPU
		{EAA88E8A-FB3C-4214-89C6-51A7FAF50D1C}.Debug|Any CPU.Build.0 = Debug|Any CPU
		{EAA88E8A-FB3C-4214-89C6-51A7FAF50D1C}.Release|Any CPU.ActiveCfg = Release|Any CPU
		{EAA88E8A-FB3C-4214-89C6-51A7FAF50D1C}.Release|Any CPU.Build.0 = Release|Any CPU
		{61E4FB43-C09F-4BF1-A8A8-4C83ADAB46AB}.Debug|Any CPU.ActiveCfg = Debug|Any CPU
		{61E4FB43-C09F-4BF1-A8A8-4C83ADAB46AB}.Debug|Any CPU.Build.0 = Debug|Any CPU
		{61E4FB43-C09F-4BF1-A8A8-4C83ADAB46AB}.Release|Any CPU.ActiveCfg = Release|Any CPU
		{61E4FB43-C09F-4BF1-A8A8-4C83ADAB46AB}.Release|Any CPU.Build.0 = Release|Any CPU
		{91377F9D-ADF8-4F89-86B0-A3E4EBF03206}.Debug|Any CPU.ActiveCfg = Debug|Any CPU
		{91377F9D-ADF8-4F89-86B0-A3E4EBF03206}.Debug|Any CPU.Build.0 = Debug|Any CPU
		{91377F9D-ADF8-4F89-86B0-A3E4EBF03206}.Release|Any CPU.ActiveCfg = Release|Any CPU
		{91377F9D-ADF8-4F89-86B0-A3E4EBF03206}.Release|Any CPU.Build.0 = Release|Any CPU
		{827F3B8F-FF01-46E4-8B59-23E674E939E6}.Debug|Any CPU.ActiveCfg = Debug|Any CPU
		{827F3B8F-FF01-46E4-8B59-23E674E939E6}.Debug|Any CPU.Build.0 = Debug|Any CPU
		{827F3B8F-FF01-46E4-8B59-23E674E939E6}.Release|Any CPU.ActiveCfg = Release|Any CPU
		{827F3B8F-FF01-46E4-8B59-23E674E939E6}.Release|Any CPU.Build.0 = Release|Any CPU
		{8D3FEC51-D018-4C60-A008-77449676BF48}.Debug|Any CPU.ActiveCfg = Debug|Any CPU
		{8D3FEC51-D018-4C60-A008-77449676BF48}.Debug|Any CPU.Build.0 = Debug|Any CPU
		{8D3FEC51-D018-4C60-A008-77449676BF48}.Release|Any CPU.ActiveCfg = Release|Any CPU
		{8D3FEC51-D018-4C60-A008-77449676BF48}.Release|Any CPU.Build.0 = Release|Any CPU
		{2059305E-A685-4DC6-BB08-A556B00DD614}.Debug|Any CPU.ActiveCfg = Debug|Any CPU
		{2059305E-A685-4DC6-BB08-A556B00DD614}.Debug|Any CPU.Build.0 = Debug|Any CPU
		{2059305E-A685-4DC6-BB08-A556B00DD614}.Release|Any CPU.ActiveCfg = Release|Any CPU
		{2059305E-A685-4DC6-BB08-A556B00DD614}.Release|Any CPU.Build.0 = Release|Any CPU
		{E2406844-51F7-4B43-9F76-096C337E1F84}.Debug|Any CPU.ActiveCfg = Debug|Any CPU
		{E2406844-51F7-4B43-9F76-096C337E1F84}.Debug|Any CPU.Build.0 = Debug|Any CPU
		{E2406844-51F7-4B43-9F76-096C337E1F84}.Release|Any CPU.ActiveCfg = Release|Any CPU
		{E2406844-51F7-4B43-9F76-096C337E1F84}.Release|Any CPU.Build.0 = Release|Any CPU
		{BA3C5452-56A8-4007-91C4-CF2C635AB247}.Debug|Any CPU.ActiveCfg = Debug|Any CPU
		{BA3C5452-56A8-4007-91C4-CF2C635AB247}.Debug|Any CPU.Build.0 = Debug|Any CPU
		{BA3C5452-56A8-4007-91C4-CF2C635AB247}.Release|Any CPU.ActiveCfg = Release|Any CPU
		{BA3C5452-56A8-4007-91C4-CF2C635AB247}.Release|Any CPU.Build.0 = Release|Any CPU
		{DB670A57-CE49-44C0-A124-249C41B7E791}.Debug|Any CPU.ActiveCfg = Debug|Any CPU
		{DB670A57-CE49-44C0-A124-249C41B7E791}.Debug|Any CPU.Build.0 = Debug|Any CPU
		{DB670A57-CE49-44C0-A124-249C41B7E791}.Release|Any CPU.ActiveCfg = Release|Any CPU
		{DB670A57-CE49-44C0-A124-249C41B7E791}.Release|Any CPU.Build.0 = Release|Any CPU
	EndGlobalSection
	GlobalSection(SolutionProperties) = preSolution
		HideSolutionNode = FALSE
	EndGlobalSection
	GlobalSection(NestedProjects) = preSolution
		{BDB04DAA-2DBF-48D2-A0E7-56EDAB591A06} = {AEB30BEE-8F64-4561-A52E-8A57C09612A4}
		{BCC9ADFC-353A-407D-856D-0A614FAAE419} = {AEB30BEE-8F64-4561-A52E-8A57C09612A4}
		{F1DBFC50-16FD-4B70-97F9-95C7D17D2D4F} = {AEB30BEE-8F64-4561-A52E-8A57C09612A4}
		{E95843A2-5061-40FB-9BC6-7F39D2E7BC98} = {CC437A9E-0825-4F15-99BD-44D5C203A299}
		{E2D79FB0-2571-4832-8161-66820AD774BF} = {CC437A9E-0825-4F15-99BD-44D5C203A299}
		{E805FBA5-F983-453F-8063-5BB6B6B29C7B} = {CC437A9E-0825-4F15-99BD-44D5C203A299}
		{7F27A456-618B-4613-A659-19ACC555301C} = {CC437A9E-0825-4F15-99BD-44D5C203A299}
		{5CFD3A63-771D-4AD5-8E69-3D2DD3582B60} = {B2AE3C58-1648-4B01-8A74-402B2F7177F1}
		{50CBA9CE-2A69-4C3B-8D7B-E29274756C91} = {B2AE3C58-1648-4B01-8A74-402B2F7177F1}
		{056ACE3E-CBEC-48D6-9039-3902102AE613} = {B2AE3C58-1648-4B01-8A74-402B2F7177F1}
		{83B87755-8475-45F4-847A-101DD90A2711} = {B2AE3C58-1648-4B01-8A74-402B2F7177F1}
		{FB729346-F792-40CB-A799-D1A134D2D5D9} = {BF225CE4-DEDE-4C4A-958C-11316862D929}
		{81C67335-4C7F-48EE-8204-6E001BD15642} = {BF225CE4-DEDE-4C4A-958C-11316862D929}
		{D86680F2-93DF-4179-8532-2A384F8589D8} = {BF225CE4-DEDE-4C4A-958C-11316862D929}
		{DE0C24B0-2BF6-4D08-8D9D-A6A7E3EB00D7} = {BF225CE4-DEDE-4C4A-958C-11316862D929}
		{C430FED2-03E7-44DF-8545-0E1DD12B1785} = {80165B9D-BEEE-49C2-9351-C80561EDE769}
		{6026B115-FDF1-404A-8C6D-DEFA04FB07EB} = {80165B9D-BEEE-49C2-9351-C80561EDE769}
		{6FA8C718-4DED-4EDE-8543-A31EC13B6C29} = {80165B9D-BEEE-49C2-9351-C80561EDE769}
		{5EF1BFEC-649F-4DCF-8B5C-435FE32D2715} = {80165B9D-BEEE-49C2-9351-C80561EDE769}
		{0BAB4C2E-D4D9-466A-B355-6246E4184667} = {3F4E7731-BD31-4AAB-9E0B-C8E322BF086A}
		{272F1FDF-E621-445D-A458-E3B979595009} = {3F4E7731-BD31-4AAB-9E0B-C8E322BF086A}
		{2D69068A-C132-45EA-A315-7757BC5534D8} = {3F4E7731-BD31-4AAB-9E0B-C8E322BF086A}
		{5668F4EF-E3CF-4975-AB0C-DD19D1578D27} = {3F4E7731-BD31-4AAB-9E0B-C8E322BF086A}
		{79EAA633-55BE-4BE9-9923-6B7CF75A9A6C} = {279E2C71-7335-4C71-8809-1F30C9D6BD13}
		{08C3B84B-B141-478B-9342-1C1198825886} = {279E2C71-7335-4C71-8809-1F30C9D6BD13}
		{EE333675-C039-45B9-942C-EBDC1A96DE69} = {279E2C71-7335-4C71-8809-1F30C9D6BD13}
		{9FB828E1-1CBC-45AA-BCCC-16AA26154253} = {2A2F3438-858F-43D3-898F-ECE8F6B5C9C2}
		{4D40D175-CC4A-4372-B8C4-197EC99B55F5} = {CD6785F4-FCB5-4846-BD80-C372C4F5735B}
		{14DC661A-8028-4AA8-977E-A251E8D4306C} = {CD6785F4-FCB5-4846-BD80-C372C4F5735B}
		{F501880A-40A7-424D-ADF8-7D73F22BC1D4} = {CD6785F4-FCB5-4846-BD80-C372C4F5735B}
		{003FCF22-D7FD-465E-88F8-0D3EDC6B9004} = {856B2005-4D9A-4024-9C16-7D147083AAFE}
		{51D2EFC1-1D58-46BE-BB55-5B46C2C966D4} = {856B2005-4D9A-4024-9C16-7D147083AAFE}
		{3791E988-33A2-40F1-A84E-5973FC3D4249} = {856B2005-4D9A-4024-9C16-7D147083AAFE}
		{EEF0176E-C20D-41B6-A57A-B42CAA0509E6} = {D52A3E81-9997-4AD7-95A7-1AE5D3D51899}
		{B13482C1-A5D6-4191-8E7B-E8C8A6C7D9A4} = {D52A3E81-9997-4AD7-95A7-1AE5D3D51899}
		{00A8406F-834A-4637-A011-835BF668DF42} = {D52A3E81-9997-4AD7-95A7-1AE5D3D51899}
		{5E373A9D-0A3C-4D46-9C80-D2368F8B7706} = {D52A3E81-9997-4AD7-95A7-1AE5D3D51899}
		{F802B22B-B622-42C3-889B-E3B5A7A4AF4D} = {10E52CAF-E135-4E2B-A65F-8031D13B851D}
		{A5F9717A-8DD8-460B-BCB8-A4CABCF316FA} = {10E52CAF-E135-4E2B-A65F-8031D13B851D}
		{9FFDA254-A02F-4877-B2D6-B9B7261F9B49} = {10E52CAF-E135-4E2B-A65F-8031D13B851D}
		{F716E89D-7026-4A5E-AD3A-5E6D1454C371} = {10E52CAF-E135-4E2B-A65F-8031D13B851D}
		{22DB6D3F-E271-46BB-A8E4-7EDD843807AC} = {2EC946B0-53A4-43CE-AEB0-65B8F6D566BC}
		{A45B757F-D264-4A26-831F-3732D80F5191} = {2EC946B0-53A4-43CE-AEB0-65B8F6D566BC}
		{C47A5E3A-F948-4B14-85A3-FD416FBF47EA} = {2EC946B0-53A4-43CE-AEB0-65B8F6D566BC}
		{DBB8D17F-CC27-4D49-9FEF-466D15B3AAAC} = {2EC946B0-53A4-43CE-AEB0-65B8F6D566BC}
		{868ADA2C-D682-497A-B33F-ED2F1BF5E3FC} = {E51573D0-FEDA-4385-BF51-44BDCD4D4194}
		{EAA88E8A-FB3C-4214-89C6-51A7FAF50D1C} = {E51573D0-FEDA-4385-BF51-44BDCD4D4194}
		{61E4FB43-C09F-4BF1-A8A8-4C83ADAB46AB} = {E51573D0-FEDA-4385-BF51-44BDCD4D4194}
		{91377F9D-ADF8-4F89-86B0-A3E4EBF03206} = {02854BB7-4D20-42EF-ABC7-3C1FC7441893}
		{827F3B8F-FF01-46E4-8B59-23E674E939E6} = {02854BB7-4D20-42EF-ABC7-3C1FC7441893}
		{8D3FEC51-D018-4C60-A008-77449676BF48} = {02854BB7-4D20-42EF-ABC7-3C1FC7441893}
		{2059305E-A685-4DC6-BB08-A556B00DD614} = {E9ED59C5-226A-4B13-B8AF-A01624C34775}
		{E2406844-51F7-4B43-9F76-096C337E1F84} = {E9ED59C5-226A-4B13-B8AF-A01624C34775}
		{BA3C5452-56A8-4007-91C4-CF2C635AB247} = {E9ED59C5-226A-4B13-B8AF-A01624C34775}
		{DB670A57-CE49-44C0-A124-249C41B7E791} = {E9ED59C5-226A-4B13-B8AF-A01624C34775}
	EndGlobalSection
	GlobalSection(ExtensibilityGlobals) = postSolution
		SolutionGuid = {040B852F-D0B5-475A-B1F0-1DD302F45A97}
	EndGlobalSection
EndGlobal
